Microsoft Visual Studio Solution File, Format Version 12.00
# Visual Studio 2012
Project("{FAE04EC0-301F-11D3-BF4B-00C04F79EFBC}") = "Smb Recreation", "Smb Recreation.csproj", "{71114008-FB66-47CE-A7BD-452C24CF01CC}"
EndProject
Global
	GlobalSection(SolutionConfigurationPlatforms) = preSolution
	Debug|Any CPU = Debug|Any CPU
	ExportDebug|Any CPU = ExportDebug|Any CPU
	ExportRelease|Any CPU = ExportRelease|Any CPU
	EndGlobalSection
	GlobalSection(ProjectConfigurationPlatforms) = postSolution
		{71114008-FB66-47CE-A7BD-452C24CF01CC}.Debug|Any CPU.ActiveCfg = Debug|Any CPU
		{71114008-FB66-47CE-A7BD-452C24CF01CC}.Debug|Any CPU.Build.0 = Debug|Any CPU
		{71114008-FB66-47CE-A7BD-452C24CF01CC}.ExportDebug|Any CPU.ActiveCfg = ExportDebug|Any CPU
		{71114008-FB66-47CE-A7BD-452C24CF01CC}.ExportDebug|Any CPU.Build.0 = ExportDebug|Any CPU
		{71114008-FB66-47CE-A7BD-452C24CF01CC}.ExportRelease|Any CPU.ActiveCfg = ExportRelease|Any CPU
		{71114008-FB66-47CE-A7BD-452C24CF01CC}.ExportRelease|Any CPU.Build.0 = ExportRelease|Any CPU
	EndGlobalSection
EndGlobal
